
Microsoft Visual Studio Solution File, Format Version 12.00
# Visual Studio 15
VisualStudioVersion = 15.0.26730.16
MinimumVisualStudioVersion = 10.0.40219.1
Project("{888888A0-9F3D-457C-B088-3A5042F75D52}") = "DiceRollingSimulator", "DiceRollingSimulator\DiceRollingSimulator.pyproj", "{7E0D5E90-64FC-4D93-98A4-A1DB2D561423}"
EndProject
Global
	GlobalSection(SolutionConfigurationPlatforms) = preSolution
		Debug|Any CPU = Debug|Any CPU
		Release|Any CPU = Release|Any CPU
	EndGlobalSection
	GlobalSection(ProjectConfigurationPlatforms) = postSolution
		{7E0D5E90-64FC-4D93-98A4-A1DB2D561423}.Debug|Any CPU.ActiveCfg = Debug|Any CPU
		{7E0D5E90-64FC-4D93-98A4-A1DB2D561423}.Release|Any CPU.ActiveCfg = Release|Any CPU
	EndGlobalSection
	GlobalSection(SolutionProperties) = preSolution
		HideSolutionNode = FALSE
	EndGlobalSection
	GlobalSection(ExtensibilityGlobals) = postSolution
		SolutionGuid = {C1761DD9-11ED-489A-A59D-8DA27BC5E0EE}
	EndGlobalSection
EndGlobal
